
Microsoft Visual Studio Solution File, Format Version 12.00
# Visual Studio Version 16
VisualStudioVersion = 16.0.30804.86
MinimumVisualStudioVersion = 10.0.40219.1
Project("{FAE04EC0-301F-11D3-BF4B-00C04F79EFBC}") = "CarShowroom", "CarShowroom\CarShowroom.csproj", "{DC668B39-1807-4B81-AAF0-8DE4CA877093}"
EndProject
Global
	GlobalSection(SolutionConfigurationPlatforms) = preSolution
		Debug|Any CPU = Debug|Any CPU
		Release|Any CPU = Release|Any CPU
	EndGlobalSection
	GlobalSection(ProjectConfigurationPlatforms) = postSolution
		{DC668B39-1807-4B81-AAF0-8DE4CA877093}.Debug|Any CPU.ActiveCfg = Debug|Any CPU
		{DC668B39-1807-4B81-AAF0-8DE4CA877093}.Debug|Any CPU.Build.0 = Debug|Any CPU
		{DC668B39-1807-4B81-AAF0-8DE4CA877093}.Release|Any CPU.ActiveCfg = Release|Any CPU
		{DC668B39-1807-4B81-AAF0-8DE4CA877093}.Release|Any CPU.Build.0 = Release|Any CPU
	EndGlobalSection
	GlobalSection(SolutionProperties) = preSolution
		HideSolutionNode = FALSE
	EndGlobalSection
	GlobalSection(ExtensibilityGlobals) = postSolution
		SolutionGuid = {AAF4D12A-71FD-43C6-85EC-5998DD03827A}
	EndGlobalSection
EndGlobal
